
Microsoft Visual Studio Solution File, Format Version 12.00
# Visual Studio Version 17
VisualStudioVersion = 17.14.36518.9 d17.14
MinimumVisualStudioVersion = 10.0.40219.1
Project("{FAE04EC0-301F-11D3-BF4B-00C04F79EFBC}") = "E-Cookbook", "E-Cookbook.csproj", "{080A6D7E-B63E-49A8-AA1A-0FF1C9ECBE3E}"
EndProject
Global
	GlobalSection(SolutionConfigurationPlatforms) = preSolution
		Debug|Any CPU = Debug|Any CPU
		Release|Any CPU = Release|Any CPU
	EndGlobalSection
	GlobalSection(ProjectConfigurationPlatforms) = postSolution
		{080A6D7E-B63E-49A8-AA1A-0FF1C9ECBE3E}.Debug|Any CPU.ActiveCfg = Debug|Any CPU
		{080A6D7E-B63E-49A8-AA1A-0FF1C9ECBE3E}.Debug|Any CPU.Build.0 = Debug|Any CPU
		{080A6D7E-B63E-49A8-AA1A-0FF1C9ECBE3E}.Release|Any CPU.ActiveCfg = Release|Any CPU
		{080A6D7E-B63E-49A8-AA1A-0FF1C9ECBE3E}.Release|Any CPU.Build.0 = Release|Any CPU
	EndGlobalSection
	GlobalSection(SolutionProperties) = preSolution
		HideSolutionNode = FALSE
	EndGlobalSection
	GlobalSection(ExtensibilityGlobals) = postSolution
		SolutionGuid = {D6CDEEDC-86E2-47DA-AA9B-AED67A3A9C8E}
	EndGlobalSection
EndGlobal
